
Microsoft Visual Studio Solution File, Format Version 12.00
# Visual Studio Version 17
VisualStudioVersion = 17.0.32014.148
MinimumVisualStudioVersion = 10.0.40219.1
Project("{FAE04EC0-301F-11D3-BF4B-00C04F79EFBC}") = "GuildedChecker", "GuildedChecker.csproj", "{E55E091A-A5B1-49EF-828B-4A330803485F}"
EndProject
Global
	GlobalSection(SolutionConfigurationPlatforms) = preSolution
		Debug|Any CPU = Debug|Any CPU
		Release|Any CPU = Release|Any CPU
	EndGlobalSection
	GlobalSection(ProjectConfigurationPlatforms) = postSolution
		{E55E091A-A5B1-49EF-828B-4A330803485F}.Debug|Any CPU.ActiveCfg = Debug|Any CPU
		{E55E091A-A5B1-49EF-828B-4A330803485F}.Debug|Any CPU.Build.0 = Debug|Any CPU
		{E55E091A-A5B1-49EF-828B-4A330803485F}.Release|Any CPU.ActiveCfg = Release|Any CPU
		{E55E091A-A5B1-49EF-828B-4A330803485F}.Release|Any CPU.Build.0 = Release|Any CPU
	EndGlobalSection
	GlobalSection(SolutionProperties) = preSolution
		HideSolutionNode = FALSE
	EndGlobalSection
	GlobalSection(ExtensibilityGlobals) = postSolution
		SolutionGuid = {036E27C3-7C63-4836-8C9E-BDDC4AEB3CF0}
	EndGlobalSection
EndGlobal
